// !$*UTF8*$!
{
	archiveVersion = 1;
	classes = {
	};
	objectVersion = 46;
	objects = {

/* Begin PBXBuildFile section */
		5D12B5631DF9A3ED0046BA6C /* Assets.xcassets in Resources */ = {isa = PBXBuildFile; fileRef = 5D12B5621DF9A3ED0046BA6C /* Assets.xcassets */; };
		5D959C061DF97A8A00D4385A /* AppDelegate.swift in Sources */ = {isa = PBXBuildFile; fileRef = 5D959C051DF97A8A00D4385A /* AppDelegate.swift */; };
		5D959C081DF97A8A00D4385A /* FirstViewController.swift in Sources */ = {isa = PBXBuildFile; fileRef = 5D959C071DF97A8A00D4385A /* FirstViewController.swift */; };
		5D959C0A1DF97A8A00D4385A /* SecondViewController.swift in Sources */ = {isa = PBXBuildFile; fileRef = 5D959C091DF97A8A00D4385A /* SecondViewController.swift */; };
		5D959C0D1DF97A8A00D4385A /* Main.storyboard in Resources */ = {isa = PBXBuildFile; fileRef = 5D959C0B1DF97A8A00D4385A /* Main.storyboard */; };
		5D959C121DF97A8A00D4385A /* LaunchScreen.storyboard in Resources */ = {isa = PBXBuildFile; fileRef = 5D959C101DF97A8A00D4385A /* LaunchScreen.storyboard */; };
		5DB2E16E1E004802009CD958 /* GardenTableViewController.swift in Sources */ = {isa = PBXBuildFile; fileRef = 5DB2E16D1E004802009CD958 /* GardenTableViewController.swift */; };
		60D49C67FCCDA9C716C3AC92 /* Pods_Garden_Manager.framework in Frameworks */ = {isa = PBXBuildFile; fileRef = B6B35667326D638C51C19B49 /* Pods_Garden_Manager.framework */; };
/* End PBXBuildFile section */

/* Begin PBXFileReference section */
		3964ED9FAC1F478D94D3EB2E /* Pods-Garden Manager.debug.xcconfig */ = {isa = PBXFileReference; includeInIndex = 1; lastKnownFileType = text.xcconfig; name = "Pods-Garden Manager.debug.xcconfig"; path = "Pods/Target Support Files/Pods-Garden Manager/Pods-Garden Manager.debug.xcconfig"; sourceTree = "<group>"; };
		5D12B5621DF9A3ED0046BA6C /* Assets.xcassets */ = {isa = PBXFileReference; lastKnownFileType = folder.assetcatalog; path = Assets.xcassets; sourceTree = "<group>"; };
		5D959C021DF97A8A00D4385A /* Garden Manager.app */ = {isa = PBXFileReference; explicitFileType = wrapper.application; includeInIndex = 0; path = "Garden Manager.app"; sourceTree = BUILT_PRODUCTS_DIR; };
		5D959C051DF97A8A00D4385A /* AppDelegate.swift */ = {isa = PBXFileReference; lastKnownFileType = sourcecode.swift; path = AppDelegate.swift; sourceTree = "<group>"; };
		5D959C071DF97A8A00D4385A /* FirstViewController.swift */ = {isa = PBXFileReference; lastKnownFileType = sourcecode.swift; path = FirstViewController.swift; sourceTree = "<group>"; };
		5D959C091DF97A8A00D4385A /* SecondViewController.swift */ = {isa = PBXFileReference; lastKnownFileType = sourcecode.swift; path = SecondViewController.swift; sourceTree = "<group>"; };
		5D959C0C1DF97A8A00D4385A /* Base */ = {isa = PBXFileReference; lastKnownFileType = file.storyboard; name = Base; path = Base.lproj/Main.storyboard; sourceTree = "<group>"; };
		5D959C111DF97A8A00D4385A /* Base */ = {isa = PBXFileReference; lastKnownFileType = file.storyboard; name = Base; path = Base.lproj/LaunchScreen.storyboard; sourceTree = "<group>"; };
		5D959C131DF97A8A00D4385A /* Info.plist */ = {isa = PBXFileReference; lastKnownFileType = text.plist.xml; path = Info.plist; sourceTree = "<group>"; };
		5DB2E16D1E004802009CD958 /* GardenTableViewController.swift */ = {isa = PBXFileReference; fileEncoding = 4; lastKnownFileType = sourcecode.swift; path = GardenTableViewController.swift; sourceTree = "<group>"; };
		B6B35667326D638C51C19B49 /* Pods_Garden_Manager.framework */ = {isa = PBXFileReference; explicitFileType = wrapper.framework; includeInIndex = 0; path = Pods_Garden_Manager.framework; sourceTree = BUILT_PRODUCTS_DIR; };
		E6A1A1D93B6FDD478DC4EBD4 /* Pods-Garden Manager.release.xcconfig */ = {isa = PBXFileReference; includeInIndex = 1; lastKnownFileType = text.xcconfig; name = "Pods-Garden Manager.release.xcconfig"; path = "Pods/Target Support Files/Pods-Garden Manager/Pods-Garden Manager.release.xcconfig"; sourceTree = "<group>"; };
/* End PBXFileReference section */

/* Begin PBXFrameworksBuildPhase section */
		5D959BFF1DF97A8A00D4385A /* Frameworks */ = {
			isa = PBXFrameworksBuildPhase;
			buildActionMask = 2147483647;
			files = (
				60D49C67FCCDA9C716C3AC92 /* Pods_Garden_Manager.framework in Frameworks */,
			);
			runOnlyForDeploymentPostprocessing = 0;
		};
/* End PBXFrameworksBuildPhase section */

/* Begin PBXGroup section */
		5D959BF91DF97A8A00D4385A = {
			isa = PBXGroup;
			children = (
				5D959C041DF97A8A00D4385A /* Garden Manager */,
				5D959C031DF97A8A00D4385A /* Products */,
				9D36C05C1798FF74B2E2EDAD /* Pods */,
				E318B8C588D03BA5B85B7E67 /* Frameworks */,
			);
			sourceTree = "<group>";
		};
		5D959C031DF97A8A00D4385A /* Products */ = {
			isa = PBXGroup;
			children = (
				5D959C021DF97A8A00D4385A /* Garden Manager.app */,
			);
			name = Products;
			sourceTree = "<group>";
		};
		5D959C041DF97A8A00D4385A /* Garden Manager */ = {
			isa = PBXGroup;
			children = (
				5D12B5621DF9A3ED0046BA6C /* Assets.xcassets */,
				5D959C051DF97A8A00D4385A /* AppDelegate.swift */,
				5D959C071DF97A8A00D4385A /* FirstViewController.swift */,
				5D959C091DF97A8A00D4385A /* SecondViewController.swift */,
				5D959C0B1DF97A8A00D4385A /* Main.storyboard */,
				5DB2E16D1E004802009CD958 /* GardenTableViewController.swift */,
				5D959C101DF97A8A00D4385A /* LaunchScreen.storyboard */,
				5D959C131DF97A8A00D4385A /* Info.plist */,
			);
			path = "Garden Manager";
			sourceTree = "<group>";
		};
		9D36C05C1798FF74B2E2EDAD /* Pods */ = {
			isa = PBXGroup;
			children = (
				3964ED9FAC1F478D94D3EB2E /* Pods-Garden Manager.debug.xcconfig */,
				E6A1A1D93B6FDD478DC4EBD4 /* Pods-Garden Manager.release.xcconfig */,
			);
			name = Pods;
			sourceTree = "<group>";
		};
		E318B8C588D03BA5B85B7E67 /* Frameworks */ = {
			isa = PBXGroup;
			children = (
				B6B35667326D638C51C19B49 /* Pods_Garden_Manager.framework */,
			);
			name = Frameworks;
			sourceTree = "<group>";
		};
/* End PBXGroup section */

/* Begin PBXNativeTarget section */
		5D959C011DF97A8A00D4385A /* Garden Manager */ = {
			isa = PBXNativeTarget;
			buildConfigurationList = 5D959C161DF97A8A00D4385A /* Build configuration list for PBXNativeTarget "Garden Manager" */;
			buildPhases = (
				95ABC77243F807D549C9E5D4 /* [CP] Check Pods Manifest.lock */,
				5D959BFE1DF97A8A00D4385A /* Sources */,
				5D959BFF1DF97A8A00D4385A /* Frameworks */,
				5D959C001DF97A8A00D4385A /* Resources */,
				BF101B0FD80E30406A20F0C8 /* [CP] Embed Pods Frameworks */,
				E1F896F312F52FF53B84BA95 /* [CP] Copy Pods Resources */,
			);
			buildRules = (
			);
			dependencies = (
			);
			name = "Garden Manager";
			productName = "Garden Manager";
			productReference = 5D959C021DF97A8A00D4385A /* Garden Manager.app */;
			productType = "com.apple.product-type.application";
		};
/* End PBXNativeTarget section */

/* Begin PBXProject section */
		5D959BFA1DF97A8A00D4385A /* Project object */ = {
			isa = PBXProject;
			attributes = {
				LastSwiftUpdateCheck = 0810;
				LastUpgradeCheck = 0820;
				ORGANIZATIONNAME = "Joel Powell";
				TargetAttributes = {
					5D959C011DF97A8A00D4385A = {
						CreatedOnToolsVersion = 8.1;
						DevelopmentTeam = 4EMEQ6ECUM;
						ProvisioningStyle = Automatic;
					};
				};
			};
			buildConfigurationList = 5D959BFD1DF97A8A00D4385A /* Build configuration list for PBXProject "Garden Manager" */;
			compatibilityVersion = "Xcode 3.2";
			developmentRegion = English;
			hasScannedForEncodings = 0;
			knownRegions = (
				en,
				Base,
			);
			mainGroup = 5D959BF91DF97A8A00D4385A;
			productRefGroup = 5D959C031DF97A8A00D4385A /* Products */;
			projectDirPath = "";
			projectRoot = "";
			targets = (
				5D959C011DF97A8A00D4385A /* Garden Manager */,
			);
		};
/* End PBXProject section */

/* Begin PBXResourcesBuildPhase section */
		5D959C001DF97A8A00D4385A /* Resources */ = {
			isa = PBXResourcesBuildPhase;
			buildActionMask = 2147483647;
			files = (
				5D959C121DF97A8A00D4385A /* LaunchScreen.storyboard in Resources */,
				5D12B5631DF9A3ED0046BA6C /* Assets.xcassets in Resources */,
				5D959C0D1DF97A8A00D4385A /* Main.storyboard in Resources */,
			);
			runOnlyForDeploymentPostprocessing = 0;
		};
/* End PBXResourcesBuildPhase section */

/* Begin PBXShellScriptBuildPhase section */
		95ABC77243F807D549C9E5D4 /* [CP] Check Pods Manifest.lock */ = {
			isa = PBXShellScriptBuildPhase;
			buildActionMask = 2147483647;
			files = (
			);
			inputPaths = (
			);
			name = "[CP] Check Pods Manifest.lock";
			outputPaths = (
			);
			runOnlyForDeploymentPostprocessing = 0;
			shellPath = /bin/sh;
			shellScript = "diff \"${PODS_ROOT}/../Podfile.lock\" \"${PODS_ROOT}/Manifest.lock\" > /dev/null\nif [ $? != 0 ] ; then\n    # print error to STDERR\n    echo \"error: The sandbox is not in sync with the Podfile.lock. Run 'pod install' or update your CocoaPods installation.\" >&2\n    exit 1\nfi\n";
			showEnvVarsInLog = 0;
		};
		BF101B0FD80E30406A20F0C8 /* [CP] Embed Pods Frameworks */ = {
			isa = PBXShellScriptBuildPhase;
			buildActionMask = 2147483647;
			files = (
			);
			inputPaths = (
			);
			name = "[CP] Embed Pods Frameworks";
			outputPaths = (
			);
			runOnlyForDeploymentPostprocessing = 0;
			shellPath = /bin/sh;
			shellScript = "\"${SRCROOT}/Pods/Target Support Files/Pods-Garden Manager/Pods-Garden Manager-frameworks.sh\"\n";
			showEnvVarsInLog = 0;
		};
		E1F896F312F52FF53B84BA95 /* [CP] Copy Pods Resources */ = {
			isa = PBXShellScriptBuildPhase;
			buildActionMask = 2147483647;
			files = (
			);
			inputPaths = (
			);
			name = "[CP] Copy Pods Resources";
			outputPaths = (
			);
			runOnlyForDeploymentPostprocessing = 0;
			shellPath = /bin/sh;
			shellScript = "\"${SRCROOT}/Pods/Target Support Files/Pods-Garden Manager/Pods-Garden Manager-resources.sh\"\n";
			showEnvVarsInLog = 0;
		};
/* End PBXShellScriptBuildPhase section */

/* Begin PBXSourcesBuildPhase section */
		5D959BFE1DF97A8A00D4385A /* Sources */ = {
			isa = PBXSourcesBuildPhase;
			buildActionMask = 2147483647;
			files = (
				5D959C0A1DF97A8A00D4385A /* SecondViewController.swift in Sources */,
				5D959C061DF97A8A00D4385A /* AppDelegate.swift in Sources */,
				5DB2E16E1E004802009CD958 /* GardenTableViewController.swift in Sources */,
				5D959C081DF97A8A00D4385A /* FirstViewController.swift in Sources */,
			);
			runOnlyForDeploymentPostprocessing = 0;
		};
/* End PBXSourcesBuildPhase section */

/* Begin PBXVariantGroup section */
		5D959C0B1DF97A8A00D4385A /* Main.storyboard */ = {
			isa = PBXVariantGroup;
			children = (
				5D959C0C1DF97A8A00D4385A /* Base */,
			);
			name = Main.storyboard;
			sourceTree = "<group>";
		};
		5D959C101DF97A8A00D4385A /* LaunchScreen.storyboard */ = {
			isa = PBXVariantGroup;
			children = (
				5D959C111DF97A8A00D4385A /* Base */,
			);
			name = LaunchScreen.storyboard;
			sourceTree = "<group>";
		};
/* End PBXVariantGroup section */

/* Begin XCBuildConfiguration section */
		5D959C141DF97A8A00D4385A /* Debug */ = {
			isa = XCBuildConfiguration;
			buildSettings = {
				ALWAYS_SEARCH_USER_PATHS = NO;
				CLANG_ANALYZER_NONNULL = YES;
				CLANG_CXX_LANGUAGE_STANDARD = "gnu++0x";
				CLANG_CXX_LIBRARY = "libc++";
				CLANG_ENABLE_MODULES = YES;
				CLANG_ENABLE_OBJC_ARC = YES;
				CLANG_WARN_BOOL_CONVERSION = YES;
				CLANG_WARN_CONSTANT_CONVERSION = YES;
				CLANG_WARN_DIRECT_OBJC_ISA_USAGE = YES_ERROR;
				CLANG_WARN_DOCUMENTATION_COMMENTS = YES;
				CLANG_WARN_EMPTY_BODY = YES;
				CLANG_WARN_ENUM_CONVERSION = YES;
				CLANG_WARN_INFINITE_RECURSION = YES;
				CLANG_WARN_INT_CONVERSION = YES;
				CLANG_WARN_OBJC_ROOT_CLASS = YES_ERROR;
				CLANG_WARN_SUSPICIOUS_MOVE = YES;
				CLANG_WARN_SUSPICIOUS_MOVES = YES;
				CLANG_WARN_UNREACHABLE_CODE = YES;
				CLANG_WARN__DUPLICATE_METHOD_MATCH = YES;
				"CODE_SIGN_IDENTITY[sdk=iphoneos*]" = "iPhone Developer";
				COPY_PHASE_STRIP = NO;
				DEBUG_INFORMATION_FORMAT = dwarf;
				ENABLE_STRICT_OBJC_MSGSEND = YES;
				ENABLE_TESTABILITY = YES;
				GCC_C_LANGUAGE_STANDARD = gnu99;
				GCC_DYNAMIC_NO_PIC = NO;
				GCC_NO_COMMON_BLOCKS = YES;
				GCC_OPTIMIZATION_LEVEL = 0;
				GCC_PREPROCESSOR_DEFINITIONS = (
					"DEBUG=1",
					"$(inherited)",
				);
				GCC_WARN_64_TO_32_BIT_CONVERSION = YES;
				GCC_WARN_ABOUT_RETURN_TYPE = YES_ERROR;
				GCC_WARN_UNDECLARED_SELECTOR = YES;
				GCC_WARN_UNINITIALIZED_AUTOS = YES_AGGRESSIVE;
				GCC_WARN_UNUSED_FUNCTION = YES;
				GCC_WARN_UNUSED_VARIABLE = YES;
				IPHONEOS_DEPLOYMENT_TARGET = 10.2;
				MTL_ENABLE_DEBUG_INFO = YES;
				ONLY_ACTIVE_ARCH = YES;
				SDKROOT = iphoneos;
				SWIFT_ACTIVE_COMPILATION_CONDITIONS = DEBUG;
				SWIFT_OPTIMIZATION_LEVEL = "-Onone";
			};
			name = Debug;
		};
		5D959C151DF97A8A00D4385A /* Release */ = {
			isa = XCBuildConfiguration;
			buildSettings = {
				ALWAYS_SEARCH_USER_PATHS = NO;
				CLANG_ANALYZER_NONNULL = YES;
				CLANG_CXX_LANGUAGE_STANDARD = "gnu++0x";
				CLANG_CXX_LIBRARY = "libc++";
				CLANG_ENABLE_MODULES = YES;
				CLANG_ENABLE_OBJC_ARC = YES;
				CLANG_WARN_BOOL_CONVERSION = YES;
				CLANG_WARN_CONSTANT_CONVERSION = YES;
				CLANG_WARN_DIRECT_OBJC_ISA_USAGE = YES_ERROR;
				CLANG_WARN_DOCUMENTATION_COMMENTS = YES;
				CLANG_WARN_EMPTY_BODY = YES;
				CLANG_WARN_ENUM_CONVERSION = YES;
				CLANG_WARN_INFINITE_RECURSION = YES;
				CLANG_WARN_INT_CONVERSION = YES;
				CLANG_WARN_OBJC_ROOT_CLASS = YES_ERROR;
				CLANG_WARN_SUSPICIOUS_MOVE = YES;
				CLANG_WARN_SUSPICIOUS_MOVES = YES;
				CLANG_WARN_UNREACHABLE_CODE = YES;
				CLANG_WARN__DUPLICATE_METHOD_MATCH = YES;
				"CODE_SIGN_IDENTITY[sdk=iphoneos*]" = "iPhone Developer";
				COPY_PHASE_STRIP = NO;
				DEBUG_INFORMATION_FORMAT = "dwarf-with-dsym";
				ENABLE_NS_ASSERTIONS = NO;
				ENABLE_STRICT_OBJC_MSGSEND = YES;
				GCC_C_LANGUAGE_STANDARD = gnu99;
				GCC_NO_COMMON_BLOCKS = YES;
				GCC_WARN_64_TO_32_BIT_CONVERSION = YES;
				GCC_WARN_ABOUT_RETURN_TYPE = YES_ERROR;
				GCC_WARN_UNDECLARED_SELECTOR = YES;
				GCC_WARN_UNINITIALIZED_AUTOS = YES_AGGRESSIVE;
				GCC_WARN_UNUSED_FUNCTION = YES;
				GCC_WARN_UNUSED_VARIABLE = YES;
				IPHONEOS_DEPLOYMENT_TARGET = 10.2;
				MTL_ENABLE_DEBUG_INFO = NO;
				SDKROOT = iphoneos;
				SWIFT_OPTIMIZATION_LEVEL = "-Owholemodule";
				VALIDATE_PRODUCT = YES;
			};
			name = Release;
		};
		5D959C171DF97A8A00D4385A /* Debug */ = {
			isa = XCBuildConfiguration;
			baseConfigurationReference = 3964ED9FAC1F478D94D3EB2E /* Pods-Garden Manager.debug.xcconfig */;
			buildSettings = {
				ALWAYS_EMBED_SWIFT_STANDARD_LIBRARIES = YES;
				ASSETCATALOG_COMPILER_APPICON_NAME = AppIcon;
				DEVELOPMENT_TEAM = 4EMEQ6ECUM;
				INFOPLIST_FILE = "Garden Manager/Info.plist";
				LD_RUNPATH_SEARCH_PATHS = "$(inherited) @executable_path/Frameworks";
				PRODUCT_BUNDLE_IDENTIFIER = "com.joel.Garden-Manager";
				PRODUCT_NAME = "$(TARGET_NAME)";
				SWIFT_VERSION = 3.0;
			};
			name = Debug;
		};
		5D959C181DF97A8A00D4385A /* Release */ = {
			isa = XCBuildConfiguration;
			baseConfigurationReference = E6A1A1D93B6FDD478DC4EBD4 /* Pods-Garden Manager.release.xcconfig */;
			buildSettings = {
				ALWAYS_EMBED_SWIFT_STANDARD_LIBRARIES = YES;
				ASSETCATALOG_COMPILER_APPICON_NAME = AppIcon;
				DEVELOPMENT_TEAM = 4EMEQ6ECUM;
				INFOPLIST_FILE = "Garden Manager/Info.plist";
				LD_RUNPATH_SEARCH_PATHS = "$(inherited) @executable_path/Frameworks";
				PRODUCT_BUNDLE_IDENTIFIER = "com.joel.Garden-Manager";
				PRODUCT_NAME = "$(TARGET_NAME)";
				SWIFT_VERSION = 3.0;
			};
			name = Release;
		};
/* End XCBuildConfiguration section */

/* Begin XCConfigurationList section */
		5D959BFD1DF97A8A00D4385A /* Build configuration list for PBXProject "Garden Manager" */ = {
			isa = XCConfigurationList;
			buildConfigurations = (
				5D959C141DF97A8A00D4385A /* Debug */,
				5D959C151DF97A8A00D4385A /* Release */,
			);
			defaultConfigurationIsVisible = 0;
			defaultConfigurationName = Release;
		};
		5D959C161DF97A8A00D4385A /* Build configuration list for PBXNativeTarget "Garden Manager" */ = {
			isa = XCConfigurationList;
			buildConfigurations = (
				5D959C171DF97A8A00D4385A /* Debug */,
				5D959C181DF97A8A00D4385A /* Release */,
			);
			defaultConfigurationIsVisible = 0;
			defaultConfigurationName = Release;
		};
/* End XCConfigurationList section */
	};
	rootObject = 5D959BFA1DF97A8A00D4385A /* Project object */;
}
